
Microsoft Visual Studio Solution File, Format Version 12.00
# Visual Studio Version 17
VisualStudioVersion = 17.1.32319.34
MinimumVisualStudioVersion = 10.0.40219.1
Project("{FAE04EC0-301F-11D3-BF4B-00C04F79EFBC}") = "Calculator", "Calculator\Calculator.csproj", "{18DC116E-6D89-4858-90E9-93E5534E1B8F}"
EndProject
Global
	GlobalSection(SolutionConfigurationPlatforms) = preSolution
		Debug|Any CPU = Debug|Any CPU
		Release|Any CPU = Release|Any CPU
	EndGlobalSection
	GlobalSection(ProjectConfigurationPlatforms) = postSolution
		{18DC116E-6D89-4858-90E9-93E5534E1B8F}.Debug|Any CPU.ActiveCfg = Debug|Any CPU
		{18DC116E-6D89-4858-90E9-93E5534E1B8F}.Debug|Any CPU.Build.0 = Debug|Any CPU
		{18DC116E-6D89-4858-90E9-93E5534E1B8F}.Release|Any CPU.ActiveCfg = Release|Any CPU
		{18DC116E-6D89-4858-90E9-93E5534E1B8F}.Release|Any CPU.Build.0 = Release|Any CPU
	EndGlobalSection
	GlobalSection(SolutionProperties) = preSolution
		HideSolutionNode = FALSE
	EndGlobalSection
	GlobalSection(ExtensibilityGlobals) = postSolution
		SolutionGuid = {D3D1FFA4-6B8D-4E05-BFBB-76A505E076B0}
	EndGlobalSection
EndGlobal
